
Microsoft Visual Studio Solution File, Format Version 12.00
# Visual Studio Version 16
VisualStudioVersion = 16.0.30717.126
MinimumVisualStudioVersion = 10.0.40219.1
Project("{9A19103F-16F7-4668-BE54-9A1E7A4F7556}") = "Raspi-LED-Matrix", "Raspi-LED-Matrix.csproj", "{9CCD1265-BCEF-499B-A323-520069C17802}"
EndProject
Global
	GlobalSection(SolutionConfigurationPlatforms) = preSolution
		Debug|Any CPU = Debug|Any CPU
		Release|Any CPU = Release|Any CPU
	EndGlobalSection
	GlobalSection(ProjectConfigurationPlatforms) = postSolution
		{9CCD1265-BCEF-499B-A323-520069C17802}.Debug|Any CPU.ActiveCfg = Debug|Any CPU
		{9CCD1265-BCEF-499B-A323-520069C17802}.Debug|Any CPU.Build.0 = Debug|Any CPU
		{9CCD1265-BCEF-499B-A323-520069C17802}.Release|Any CPU.ActiveCfg = Release|Any CPU
		{9CCD1265-BCEF-499B-A323-520069C17802}.Release|Any CPU.Build.0 = Release|Any CPU
	EndGlobalSection
	GlobalSection(SolutionProperties) = preSolution
		HideSolutionNode = FALSE
	EndGlobalSection
	GlobalSection(ExtensibilityGlobals) = postSolution
		SolutionGuid = {8DFDF187-3D3C-4758-82F0-8B47480C64FE}
	EndGlobalSection
EndGlobal
